
Microsoft Visual Studio Solution File, Format Version 12.00
# Visual Studio Version 17
VisualStudioVersion = 17.2.32602.215
MinimumVisualStudioVersion = 10.0.40219.1
Project("{FAE04EC0-301F-11D3-BF4B-00C04F79EFBC}") = "TimerGame", "TimerGame\TimerGame.csproj", "{2CC8054C-D916-4982-9B00-A0757C59725E}"
EndProject
Global
	GlobalSection(SolutionConfigurationPlatforms) = preSolution
		Debug|Any CPU = Debug|Any CPU
		Release|Any CPU = Release|Any CPU
	EndGlobalSection
	GlobalSection(ProjectConfigurationPlatforms) = postSolution
		{2CC8054C-D916-4982-9B00-A0757C59725E}.Debug|Any CPU.ActiveCfg = Debug|Any CPU
		{2CC8054C-D916-4982-9B00-A0757C59725E}.Debug|Any CPU.Build.0 = Debug|Any CPU
		{2CC8054C-D916-4982-9B00-A0757C59725E}.Release|Any CPU.ActiveCfg = Release|Any CPU
		{2CC8054C-D916-4982-9B00-A0757C59725E}.Release|Any CPU.Build.0 = Release|Any CPU
	EndGlobalSection
	GlobalSection(SolutionProperties) = preSolution
		HideSolutionNode = FALSE
	EndGlobalSection
	GlobalSection(ExtensibilityGlobals) = postSolution
		SolutionGuid = {0B736F59-714F-4224-97C2-DE15935B477E}
	EndGlobalSection
EndGlobal
