
Microsoft Visual Studio Solution File, Format Version 12.00
# Visual Studio Version 17
VisualStudioVersion = 17.2.32602.215
MinimumVisualStudioVersion = 10.0.40219.1
Project("{FAE04EC0-301F-11D3-BF4B-00C04F79EFBC}") = "Lab3", "Lab3\Lab3.csproj", "{C2001D0F-6F9D-454B-8EC4-DFA14471342E}"
EndProject
Global
	GlobalSection(SolutionConfigurationPlatforms) = preSolution
		Debug|Any CPU = Debug|Any CPU
		Release|Any CPU = Release|Any CPU
	EndGlobalSection
	GlobalSection(ProjectConfigurationPlatforms) = postSolution
		{C2001D0F-6F9D-454B-8EC4-DFA14471342E}.Debug|Any CPU.ActiveCfg = Debug|Any CPU
		{C2001D0F-6F9D-454B-8EC4-DFA14471342E}.Debug|Any CPU.Build.0 = Debug|Any CPU
		{C2001D0F-6F9D-454B-8EC4-DFA14471342E}.Release|Any CPU.ActiveCfg = Release|Any CPU
		{C2001D0F-6F9D-454B-8EC4-DFA14471342E}.Release|Any CPU.Build.0 = Release|Any CPU
	EndGlobalSection
	GlobalSection(SolutionProperties) = preSolution
		HideSolutionNode = FALSE
	EndGlobalSection
	GlobalSection(ExtensibilityGlobals) = postSolution
		SolutionGuid = {87891CB1-23C7-4B74-86C4-CBBAF11190D9}
	EndGlobalSection
EndGlobal
